
Microsoft Visual Studio Solution File, Format Version 12.00
# Visual Studio Version 17
VisualStudioVersion = 17.7.34221.43
MinimumVisualStudioVersion = 10.0.40219.1
Project("{9A19103F-16F7-4668-BE54-9A1E7A4F7556}") = "Todos.Api", "TodosTestProject\Todos.Api.csproj", "{BDE534B4-BE08-497D-809F-7CA9C695853B}"
EndProject
Project("{9A19103F-16F7-4668-BE54-9A1E7A4F7556}") = "Todos.Service", "Todos.Service\Todos.Service.csproj", "{437FA183-A8C1-4129-A24A-47C2B08239B9}"
EndProject
Project("{9A19103F-16F7-4668-BE54-9A1E7A4F7556}") = "Todos.Repositories", "Todos.Repositories\Todos.Repositories.csproj", "{A0208EB0-03BC-4240-8C28-BE3020B3B121}"
EndProject
Project("{9A19103F-16F7-4668-BE54-9A1E7A4F7556}") = "Todos.Domain", "Todos.Domain\Todos.Domain.csproj", "{486F97F9-32F7-42A9-871B-7BFC16ABBCB9}"
EndProject
Project("{9A19103F-16F7-4668-BE54-9A1E7A4F7556}") = "Users.Api", "Users.Api\Users.Api.csproj", "{49960DC9-8C12-4A50-AF93-06C0C49A75D9}"
EndProject
Project("{9A19103F-16F7-4668-BE54-9A1E7A4F7556}") = "Users.Service", "Users.Service\Users.Service.csproj", "{B2BB3368-C0FF-47ED-B362-9FCB0F952DDA}"
EndProject
Project("{9A19103F-16F7-4668-BE54-9A1E7A4F7556}") = "Common.Repositories", "Common.Repositories\Common.Repositories.csproj", "{2353FE06-BEE2-40A6-AE84-854C6292ED9D}"
EndProject
Project("{9A19103F-16F7-4668-BE54-9A1E7A4F7556}") = "Common.Domain", "Common.Domain\Common.Domain.csproj", "{E2EC8549-789E-4D99-89CF-C40D8614F9BB}"
EndProject
Project("{2150E333-8FDC-42A3-9474-1A3956D46DE8}") = "Todos", "Todos", "{7C8FBFB3-8AED-4BF4-9F95-33BAC2CB9B1E}"
EndProject
Project("{2150E333-8FDC-42A3-9474-1A3956D46DE8}") = "Users", "Users", "{1ACDDD0C-1D8E-4EEA-B027-6A8EF4081117}"
EndProject
Project("{FAE04EC0-301F-11D3-BF4B-00C04F79EFBC}") = "Common.Api", "Common.Api\Common.Api.csproj", "{0A583FAC-C4DD-4C70-91E5-D830445BE763}"
EndProject
Global
	GlobalSection(SolutionConfigurationPlatforms) = preSolution
		Debug|Any CPU = Debug|Any CPU
		Release|Any CPU = Release|Any CPU
	EndGlobalSection
	GlobalSection(ProjectConfigurationPlatforms) = postSolution
		{BDE534B4-BE08-497D-809F-7CA9C695853B}.Debug|Any CPU.ActiveCfg = Debug|Any CPU
		{BDE534B4-BE08-497D-809F-7CA9C695853B}.Debug|Any CPU.Build.0 = Debug|Any CPU
		{BDE534B4-BE08-497D-809F-7CA9C695853B}.Release|Any CPU.ActiveCfg = Release|Any CPU
		{BDE534B4-BE08-497D-809F-7CA9C695853B}.Release|Any CPU.Build.0 = Release|Any CPU
		{437FA183-A8C1-4129-A24A-47C2B08239B9}.Debug|Any CPU.ActiveCfg = Debug|Any CPU
		{437FA183-A8C1-4129-A24A-47C2B08239B9}.Debug|Any CPU.Build.0 = Debug|Any CPU
		{437FA183-A8C1-4129-A24A-47C2B08239B9}.Release|Any CPU.ActiveCfg = Release|Any CPU
		{437FA183-A8C1-4129-A24A-47C2B08239B9}.Release|Any CPU.Build.0 = Release|Any CPU
		{A0208EB0-03BC-4240-8C28-BE3020B3B121}.Debug|Any CPU.ActiveCfg = Debug|Any CPU
		{A0208EB0-03BC-4240-8C28-BE3020B3B121}.Debug|Any CPU.Build.0 = Debug|Any CPU
		{A0208EB0-03BC-4240-8C28-BE3020B3B121}.Release|Any CPU.ActiveCfg = Release|Any CPU
		{A0208EB0-03BC-4240-8C28-BE3020B3B121}.Release|Any CPU.Build.0 = Release|Any CPU
		{486F97F9-32F7-42A9-871B-7BFC16ABBCB9}.Debug|Any CPU.ActiveCfg = Debug|Any CPU
		{486F97F9-32F7-42A9-871B-7BFC16ABBCB9}.Debug|Any CPU.Build.0 = Debug|Any CPU
		{486F97F9-32F7-42A9-871B-7BFC16ABBCB9}.Release|Any CPU.ActiveCfg = Release|Any CPU
		{486F97F9-32F7-42A9-871B-7BFC16ABBCB9}.Release|Any CPU.Build.0 = Release|Any CPU
		{49960DC9-8C12-4A50-AF93-06C0C49A75D9}.Debug|Any CPU.ActiveCfg = Debug|Any CPU
		{49960DC9-8C12-4A50-AF93-06C0C49A75D9}.Debug|Any CPU.Build.0 = Debug|Any CPU
		{49960DC9-8C12-4A50-AF93-06C0C49A75D9}.Release|Any CPU.ActiveCfg = Release|Any CPU
		{49960DC9-8C12-4A50-AF93-06C0C49A75D9}.Release|Any CPU.Build.0 = Release|Any CPU
		{B2BB3368-C0FF-47ED-B362-9FCB0F952DDA}.Debug|Any CPU.ActiveCfg = Debug|Any CPU
		{B2BB3368-C0FF-47ED-B362-9FCB0F952DDA}.Debug|Any CPU.Build.0 = Debug|Any CPU
		{B2BB3368-C0FF-47ED-B362-9FCB0F952DDA}.Release|Any CPU.ActiveCfg = Release|Any CPU
		{B2BB3368-C0FF-47ED-B362-9FCB0F952DDA}.Release|Any CPU.Build.0 = Release|Any CPU
		{2353FE06-BEE2-40A6-AE84-854C6292ED9D}.Debug|Any CPU.ActiveCfg = Debug|Any CPU
		{2353FE06-BEE2-40A6-AE84-854C6292ED9D}.Debug|Any CPU.Build.0 = Debug|Any CPU
		{2353FE06-BEE2-40A6-AE84-854C6292ED9D}.Release|Any CPU.ActiveCfg = Release|Any CPU
		{2353FE06-BEE2-40A6-AE84-854C6292ED9D}.Release|Any CPU.Build.0 = Release|Any CPU
		{E2EC8549-789E-4D99-89CF-C40D8614F9BB}.Debug|Any CPU.ActiveCfg = Debug|Any CPU
		{E2EC8549-789E-4D99-89CF-C40D8614F9BB}.Debug|Any CPU.Build.0 = Debug|Any CPU
		{E2EC8549-789E-4D99-89CF-C40D8614F9BB}.Release|Any CPU.ActiveCfg = Release|Any CPU
		{E2EC8549-789E-4D99-89CF-C40D8614F9BB}.Release|Any CPU.Build.0 = Release|Any CPU
		{0A583FAC-C4DD-4C70-91E5-D830445BE763}.Debug|Any CPU.ActiveCfg = Debug|Any CPU
		{0A583FAC-C4DD-4C70-91E5-D830445BE763}.Debug|Any CPU.Build.0 = Debug|Any CPU
		{0A583FAC-C4DD-4C70-91E5-D830445BE763}.Release|Any CPU.ActiveCfg = Release|Any CPU
		{0A583FAC-C4DD-4C70-91E5-D830445BE763}.Release|Any CPU.Build.0 = Release|Any CPU
	EndGlobalSection
	GlobalSection(SolutionProperties) = preSolution
		HideSolutionNode = FALSE
	EndGlobalSection
	GlobalSection(NestedProjects) = preSolution
		{BDE534B4-BE08-497D-809F-7CA9C695853B} = {7C8FBFB3-8AED-4BF4-9F95-33BAC2CB9B1E}
		{437FA183-A8C1-4129-A24A-47C2B08239B9} = {7C8FBFB3-8AED-4BF4-9F95-33BAC2CB9B1E}
		{A0208EB0-03BC-4240-8C28-BE3020B3B121} = {7C8FBFB3-8AED-4BF4-9F95-33BAC2CB9B1E}
		{486F97F9-32F7-42A9-871B-7BFC16ABBCB9} = {7C8FBFB3-8AED-4BF4-9F95-33BAC2CB9B1E}
		{49960DC9-8C12-4A50-AF93-06C0C49A75D9} = {1ACDDD0C-1D8E-4EEA-B027-6A8EF4081117}
		{B2BB3368-C0FF-47ED-B362-9FCB0F952DDA} = {1ACDDD0C-1D8E-4EEA-B027-6A8EF4081117}
	EndGlobalSection
	GlobalSection(ExtensibilityGlobals) = postSolution
		SolutionGuid = {AF0A8ED7-D12C-4141-8D2B-921FBE78DE93}
	EndGlobalSection
EndGlobal
